
Microsoft Visual Studio Solution File, Format Version 12.00
# Visual Studio Version 17
VisualStudioVersion = 17.5.002.0
MinimumVisualStudioVersion = 10.0.40219.1
Project("{9A19103F-16F7-4668-BE54-9A1E7A4F7556}") = "ComputerVisionQuickstart", "ComputerVisionQuickstart.csproj", "{CA391A47-42AE-432A-A5BA-B0DACE410684}"
EndProject
Global
	GlobalSection(SolutionConfigurationPlatforms) = preSolution
		Debug|Any CPU = Debug|Any CPU
		Release|Any CPU = Release|Any CPU
	EndGlobalSection
	GlobalSection(ProjectConfigurationPlatforms) = postSolution
		{CA391A47-42AE-432A-A5BA-B0DACE410684}.Debug|Any CPU.ActiveCfg = Debug|Any CPU
		{CA391A47-42AE-432A-A5BA-B0DACE410684}.Debug|Any CPU.Build.0 = Debug|Any CPU
		{CA391A47-42AE-432A-A5BA-B0DACE410684}.Release|Any CPU.ActiveCfg = Release|Any CPU
		{CA391A47-42AE-432A-A5BA-B0DACE410684}.Release|Any CPU.Build.0 = Release|Any CPU
	EndGlobalSection
	GlobalSection(SolutionProperties) = preSolution
		HideSolutionNode = FALSE
	EndGlobalSection
	GlobalSection(ExtensibilityGlobals) = postSolution
		SolutionGuid = {B7C596DE-FF3E-493A-9AEF-8E359A20B44E}
	EndGlobalSection
EndGlobal
